{
  "name": "@roo/tools",
  "version": "1.0.0",
  "lockfileVersion": 3,
  "requires": true,
  "packages": {
    "": {
      "name": "@roo/tools",
      "version": "1.0.0",
      "dependencies": {
        "@roo-code/types": "latest",
        "zod": "^3.22.4"
      },
      "devDependencies": {
        "@types/node": "^20.11.0",
        "typescript": "^5.3.3"
      },
      "engines": {
        "node": ">=18.0.0"
      }
    },
    "node_modules/@roo-code/types": {
      "version": "1.103.0",
      "resolved": "https://registry.npmjs.org/@roo-code/types/-/types-1.103.0.tgz",
      "integrity": "sha512-O/ciE7rSHc9OwS4PPfJuiSfXe+/xjECuT5Z2OmA2hilOVHvYnaJWoLOT3nxH0YFf89twK/abeACQF+tOWBDe4Q==",
      "license": "MIT",
      "dependencies": {
        "zod": "^3.25.61"
      }
    },
    "node_modules/@types/node": {
      "version": "20.19.29",
      "resolved": "https://registry.npmjs.org/@types/node/-/node-20.19.29.tgz",
      "integrity": "sha512-YrT9ArrGaHForBaCNwFjoqJWmn8G1Pr7+BH/vwyLHciA9qT/wSiuOhxGCT50JA5xLvFBd6PIiGkE3afxcPE1nw==",
      "dev": true,
      "license": "MIT",
      "dependencies": {
        "undici-types": "~6.21.0"
      }
    },
    "node_modules/typescript": {
      "version": "5.9.3",
      "resolved": "https://registry.npmjs.org/typescript/-/typescript-5.9.3.tgz",
      "integrity": "sha512-jl1vZzPDinLr9eUt3J/t7V6FgNEw9QjvBPdysz9KfQDD41fQrC2Y4vKQdiaUpFT4bXlb1RHhLpp8wtm6M5TgSw==",
      "dev": true,
      "license": "Apache-2.0",
      "bin": {
        "tsc": "bin/tsc",
        "tsserver": "bin/tsserver"
      },
      "engines": {
        "node": ">=14.17"
      }
    },
    "node_modules/undici-types": {
      "version": "6.21.0",
      "resolved": "https://registry.npmjs.org/undici-types/-/undici-types-6.21.0.tgz",
      "integrity": "sha512-iwDZqg0QAGrg9Rav5H4n0M64c3mkR59cJ6wQp+7C4nI0gsmExaedaYLNO44eT4AtBBwjbTiGPMlt2Md0T9H9JQ==",
      "dev": true,
      "license": "MIT"
    },
    "node_modules/zod": {
      "version": "3.25.76",
      "resolved": "https://registry.npmjs.org/zod/-/zod-3.25.76.tgz",
      "integrity": "sha512-gzUt/qt81nXsFGKIFcC3YnfEAx5NkunCfnDlvuBSSFS02bcXu4Lmea0AFIUwbLWxWPx3d9p8S5QoaujKcNQxcQ==",
      "license": "MIT",
      "funding": {
        "url": "https://github.com/sponsors/colinhacks"
      }
    }
  }
}
